{
  "object": {
    "pins": [
      {
        "package": "Kingfisher",
        "repositoryURL": "https://github.com/onevcat/Kingfisher.git",
        "state": {
          "branch": null,
          "revision": "81dd1ce8401137637663046c7314e7c885bcc56d",
          "version": "6.1.1"
        }
      },
      {
        "package": "Realm",
        "repositoryURL": "https://github.com/realm/realm-cocoa.git",
        "state": {
          "branch": null,
          "revision": "44b9632b22240f0baa4b50964c5722e27094aea0",
          "version": "10.6.0"
        }
      },
      {
        "package": "RealmDatabase",
        "repositoryURL": "https://github.com/realm/realm-core",
        "state": {
          "branch": null,
          "revision": "6431a4bc6530ec16731ef1c66b379cbef6da01f0",
          "version": "10.5.0"
        }
      },
      {
        "package": "RxRealm",
        "repositoryURL": "https://github.com/RxSwiftCommunity/RxRealm.git",
        "state": {
          "branch": null,
          "revision": "7eef1d1ba130627af7d140682f912c89830cf1eb",
          "version": "5.0.1"
        }
      },
      {
        "package": "RxSwift",
        "repositoryURL": "https://github.com/ReactiveX/RxSwift.git",
        "state": {
          "branch": null,
          "revision": "7e01c05f25c025143073eaa3be3532f9375c614b",
          "version": "6.1.0"
        }
      },
      {
        "package": "SnapKit",
        "repositoryURL": "https://github.com/SnapKit/SnapKit.git",
        "state": {
          "branch": null,
          "revision": "d458564516e5676af9c70b4f4b2a9178294f1bc6",
          "version": "5.0.1"
        }
      }
    ]
  },
  "version": 1
}
